
Microsoft Visual Studio Solution File, Format Version 12.00
# Visual Studio 14
VisualStudioVersion = 14.0.25420.1
MinimumVisualStudioVersion = 10.0.40219.1
Project("{2150E333-8FDC-42A3-9474-1A3956D46DE8}") = "src", "src", "{434782DD-8F21-48CA-9519-E44D0CF95C73}"
EndProject
Project("{2150E333-8FDC-42A3-9474-1A3956D46DE8}") = "Solution Items", "Solution Items", "{E74010E4-6F0D-4588-9A49-D57938A09910}"
	ProjectSection(SolutionItems) = preProject
		global.json = global.json
	EndProjectSection
EndProject
Project("{8BB2217D-0F2D-49D1-97BC-3654ED321F3B}") = "myProject", "src\myProject\myProject.xproj", "{8CD756BD-A1F9-444B-9403-C0E632A5E77C}"
EndProject
Global
	GlobalSection(SolutionConfigurationPlatforms) = preSolution
		Debug|Any CPU = Debug|Any CPU
		Release|Any CPU = Release|Any CPU
	EndGlobalSection
	GlobalSection(ProjectConfigurationPlatforms) = postSolution
		{8CD756BD-A1F9-444B-9403-C0E632A5E77C}.Debug|Any CPU.ActiveCfg = Debug|Any CPU
		{8CD756BD-A1F9-444B-9403-C0E632A5E77C}.Debug|Any CPU.Build.0 = Debug|Any CPU
		{8CD756BD-A1F9-444B-9403-C0E632A5E77C}.Release|Any CPU.ActiveCfg = Release|Any CPU
		{8CD756BD-A1F9-444B-9403-C0E632A5E77C}.Release|Any CPU.Build.0 = Release|Any CPU
	EndGlobalSection
	GlobalSection(SolutionProperties) = preSolution
		HideSolutionNode = FALSE
	EndGlobalSection
	GlobalSection(NestedProjects) = preSolution
		{8CD756BD-A1F9-444B-9403-C0E632A5E77C} = {434782DD-8F21-48CA-9519-E44D0CF95C73}
	EndGlobalSection
EndGlobal
